
Microsoft Visual Studio Solution File, Format Version 12.00
Project("{FAE04EC0-301F-11D3-BF4B-00C04F79EFBC}") = "Square", "Square\Square.csproj", "{7E023FD8-590F-44F9-B348-89EA9139A16A}"
EndProject
Global
	GlobalSection(SolutionConfigurationPlatforms) = preSolution
		Debug|Any CPU = Debug|Any CPU
		Release|Any CPU = Release|Any CPU
	EndGlobalSection
	GlobalSection(ProjectConfigurationPlatforms) = postSolution
		{7E023FD8-590F-44F9-B348-89EA9139A16A}.Debug|Any CPU.ActiveCfg = Debug|Any CPU
		{7E023FD8-590F-44F9-B348-89EA9139A16A}.Debug|Any CPU.Build.0 = Debug|Any CPU
		{7E023FD8-590F-44F9-B348-89EA9139A16A}.Release|Any CPU.ActiveCfg = Release|Any CPU
		{7E023FD8-590F-44F9-B348-89EA9139A16A}.Release|Any CPU.Build.0 = Release|Any CPU
	EndGlobalSection
EndGlobal
