
Microsoft Visual Studio Solution File, Format Version 12.00
Project("{FAE04EC0-301F-11D3-BF4B-00C04F79EFBC}") = "greaterthan10", "greaterthan10\greaterthan10.csproj", "{64943820-4E3B-4247-9C6F-BBFE1FEC91F0}"
EndProject
Global
	GlobalSection(SolutionConfigurationPlatforms) = preSolution
		Debug|Any CPU = Debug|Any CPU
		Release|Any CPU = Release|Any CPU
	EndGlobalSection
	GlobalSection(ProjectConfigurationPlatforms) = postSolution
		{64943820-4E3B-4247-9C6F-BBFE1FEC91F0}.Debug|Any CPU.ActiveCfg = Debug|Any CPU
		{64943820-4E3B-4247-9C6F-BBFE1FEC91F0}.Debug|Any CPU.Build.0 = Debug|Any CPU
		{64943820-4E3B-4247-9C6F-BBFE1FEC91F0}.Release|Any CPU.ActiveCfg = Release|Any CPU
		{64943820-4E3B-4247-9C6F-BBFE1FEC91F0}.Release|Any CPU.Build.0 = Release|Any CPU
	EndGlobalSection
EndGlobal
