
Microsoft Visual Studio Solution File, Format Version 12.00
# Visual Studio Version 16
VisualStudioVersion = 16.0.31702.278
MinimumVisualStudioVersion = 10.0.40219.1
Project("{FAE04EC0-301F-11D3-BF4B-00C04F79EFBC}") = "AnimalInheritance", "AnimalInheritance\AnimalInheritance.csproj", "{269582B3-27EF-4E0A-BAF0-0617880A6651}"
EndProject
Global
	GlobalSection(SolutionConfigurationPlatforms) = preSolution
		Debug|Any CPU = Debug|Any CPU
		Release|Any CPU = Release|Any CPU
	EndGlobalSection
	GlobalSection(ProjectConfigurationPlatforms) = postSolution
		{269582B3-27EF-4E0A-BAF0-0617880A6651}.Debug|Any CPU.ActiveCfg = Debug|Any CPU
		{269582B3-27EF-4E0A-BAF0-0617880A6651}.Debug|Any CPU.Build.0 = Debug|Any CPU
		{269582B3-27EF-4E0A-BAF0-0617880A6651}.Release|Any CPU.ActiveCfg = Release|Any CPU
		{269582B3-27EF-4E0A-BAF0-0617880A6651}.Release|Any CPU.Build.0 = Release|Any CPU
	EndGlobalSection
	GlobalSection(SolutionProperties) = preSolution
		HideSolutionNode = FALSE
	EndGlobalSection
	GlobalSection(ExtensibilityGlobals) = postSolution
		SolutionGuid = {08CB3165-6A9F-4EFD-AB83-FB1B4F1F458E}
	EndGlobalSection
EndGlobal
